
Microsoft Visual Studio Solution File, Format Version 12.00
# Visual Studio Version 16
VisualStudioVersion = 16.0.31005.135
MinimumVisualStudioVersion = 10.0.40219.1
Project("{FAE04EC0-301F-11D3-BF4B-00C04F79EFBC}") = "WPF_HW_1", "WPF_HW_1.csproj", "{2EDE53D2-BB52-4240-B036-E1BF9EA84CD8}"
EndProject
Global
	GlobalSection(SolutionConfigurationPlatforms) = preSolution
		Debug|Any CPU = Debug|Any CPU
		Release|Any CPU = Release|Any CPU
	EndGlobalSection
	GlobalSection(ProjectConfigurationPlatforms) = postSolution
		{2EDE53D2-BB52-4240-B036-E1BF9EA84CD8}.Debug|Any CPU.ActiveCfg = Debug|Any CPU
		{2EDE53D2-BB52-4240-B036-E1BF9EA84CD8}.Debug|Any CPU.Build.0 = Debug|Any CPU
		{2EDE53D2-BB52-4240-B036-E1BF9EA84CD8}.Release|Any CPU.ActiveCfg = Release|Any CPU
		{2EDE53D2-BB52-4240-B036-E1BF9EA84CD8}.Release|Any CPU.Build.0 = Release|Any CPU
	EndGlobalSection
	GlobalSection(SolutionProperties) = preSolution
		HideSolutionNode = FALSE
	EndGlobalSection
	GlobalSection(ExtensibilityGlobals) = postSolution
		SolutionGuid = {7B994133-98CF-4D8A-9972-A43FA926574E}
	EndGlobalSection
EndGlobal
