
Microsoft Visual Studio Solution File, Format Version 12.00
# Visual Studio Version 16
VisualStudioVersion = 16.0.31005.135
MinimumVisualStudioVersion = 10.0.40219.1
Project("{FAE04EC0-301F-11D3-BF4B-00C04F79EFBC}") = "WPF_Calculator", "WPF_Calculator.csproj", "{61ED8D1E-E744-45A5-8AC2-B0F05A7A8622}"
EndProject
Global
	GlobalSection(SolutionConfigurationPlatforms) = preSolution
		Debug|Any CPU = Debug|Any CPU
		Release|Any CPU = Release|Any CPU
	EndGlobalSection
	GlobalSection(ProjectConfigurationPlatforms) = postSolution
		{61ED8D1E-E744-45A5-8AC2-B0F05A7A8622}.Debug|Any CPU.ActiveCfg = Debug|Any CPU
		{61ED8D1E-E744-45A5-8AC2-B0F05A7A8622}.Debug|Any CPU.Build.0 = Debug|Any CPU
		{61ED8D1E-E744-45A5-8AC2-B0F05A7A8622}.Release|Any CPU.ActiveCfg = Release|Any CPU
		{61ED8D1E-E744-45A5-8AC2-B0F05A7A8622}.Release|Any CPU.Build.0 = Release|Any CPU
	EndGlobalSection
	GlobalSection(SolutionProperties) = preSolution
		HideSolutionNode = FALSE
	EndGlobalSection
	GlobalSection(ExtensibilityGlobals) = postSolution
		SolutionGuid = {D65C2FB3-AEC5-452C-9452-3153A237556C}
	EndGlobalSection
EndGlobal
